// !$*UTF8*$!
{
	archiveVersion = 1;
	classes = {
	};
	objectVersion = 46;
	objects = {

/* Begin PBXBuildFile section */
		3F1F400619EC7BCA0098ED03 /* main.m in Sources */ = {isa = PBXBuildFile; fileRef = 3F1F400519EC7BCA0098ED03 /* main.m */; };
		3F1F400919EC7BCA0098ED03 /* AppDelegate.m in Sources */ = {isa = PBXBuildFile; fileRef = 3F1F400819EC7BCA0098ED03 /* AppDelegate.m */; };
		3F1F400C19EC7BCA0098ED03 /* MasterViewController.m in Sources */ = {isa = PBXBuildFile; fileRef = 3F1F400B19EC7BCA0098ED03 /* MasterViewController.m */; };
		3F1F400F19EC7BCA0098ED03 /* DetailViewController.m in Sources */ = {isa = PBXBuildFile; fileRef = 3F1F400E19EC7BCA0098ED03 /* DetailViewController.m */; };
		3F1F401219EC7BCA0098ED03 /* Main.storyboard in Resources */ = {isa = PBXBuildFile; fileRef = 3F1F401019EC7BCA0098ED03 /* Main.storyboard */; };
		3F1F401419EC7BCA0098ED03 /* Images.xcassets in Resources */ = {isa = PBXBuildFile; fileRef = 3F1F401319EC7BCA0098ED03 /* Images.xcassets */; };
		3F1F401719EC7BCA0098ED03 /* LaunchScreen.xib in Resources */ = {isa = PBXBuildFile; fileRef = 3F1F401519EC7BCA0098ED03 /* LaunchScreen.xib */; };
		3F1F402319EC7BCA0098ED03 /* myMeProjectTests.m in Sources */ = {isa = PBXBuildFile; fileRef = 3F1F402219EC7BCA0098ED03 /* myMeProjectTests.m */; };
/* End PBXBuildFile section */

/* Begin PBXContainerItemProxy section */
		3F1F401D19EC7BCA0098ED03 /* PBXContainerItemProxy */ = {
			isa = PBXContainerItemProxy;
			containerPortal = 3F1F3FF819EC7BCA0098ED03 /* Project object */;
			proxyType = 1;
			remoteGlobalIDString = 3F1F3FFF19EC7BCA0098ED03;
			remoteInfo = myMeProject;
		};
/* End PBXContainerItemProxy section */

/* Begin PBXFileReference section */
		3F1F400019EC7BCA0098ED03 /* myMeProject.app */ = {isa = PBXFileReference; explicitFileType = wrapper.application; includeInIndex = 0; path = myMeProject.app; sourceTree = BUILT_PRODUCTS_DIR; };
		3F1F400419EC7BCA0098ED03 /* Info.plist */ = {isa = PBXFileReference; lastKnownFileType = text.plist.xml; path = Info.plist; sourceTree = "<group>"; };
		3F1F400519EC7BCA0098ED03 /* main.m */ = {isa = PBXFileReference; lastKnownFileType = sourcecode.c.objc; path = main.m; sourceTree = "<group>"; };
		3F1F400719EC7BCA0098ED03 /* AppDelegate.h */ = {isa = PBXFileReference; lastKnownFileType = sourcecode.c.h; path = AppDelegate.h; sourceTree = "<group>"; };
		3F1F400819EC7BCA0098ED03 /* AppDelegate.m */ = {isa = PBXFileReference; lastKnownFileType = sourcecode.c.objc; path = AppDelegate.m; sourceTree = "<group>"; };
		3F1F400A19EC7BCA0098ED03 /* MasterViewController.h */ = {isa = PBXFileReference; lastKnownFileType = sourcecode.c.h; path = MasterViewController.h; sourceTree = "<group>"; };
		3F1F400B19EC7BCA0098ED03 /* MasterViewController.m */ = {isa = PBXFileReference; lastKnownFileType = sourcecode.c.objc; path = MasterViewController.m; sourceTree = "<group>"; };
		3F1F400D19EC7BCA0098ED03 /* DetailViewController.h */ = {isa = PBXFileReference; lastKnownFileType = sourcecode.c.h; path = DetailViewController.h; sourceTree = "<group>"; };
		3F1F400E19EC7BCA0098ED03 /* DetailViewController.m */ = {isa = PBXFileReference; lastKnownFileType = sourcecode.c.objc; path = DetailViewController.m; sourceTree = "<group>"; };
		3F1F401119EC7BCA0098ED03 /* Base */ = {isa = PBXFileReference; lastKnownFileType = file.storyboard; name = Base; path = Base.lproj/Main.storyboard; sourceTree = "<group>"; };
		3F1F401319EC7BCA0098ED03 /* Images.xcassets */ = {isa = PBXFileReference; lastKnownFileType = folder.assetcatalog; path = Images.xcassets; sourceTree = "<group>"; };
		3F1F401619EC7BCA0098ED03 /* Base */ = {isa = PBXFileReference; lastKnownFileType = file.xib; name = Base; path = Base.lproj/LaunchScreen.xib; sourceTree = "<group>"; };
		3F1F401C19EC7BCA0098ED03 /* myMeProjectTests.xctest */ = {isa = PBXFileReference; explicitFileType = wrapper.cfbundle; includeInIndex = 0; path = myMeProjectTests.xctest; sourceTree = BUILT_PRODUCTS_DIR; };
		3F1F402119EC7BCA0098ED03 /* Info.plist */ = {isa = PBXFileReference; lastKnownFileType = text.plist.xml; path = Info.plist; sourceTree = "<group>"; };
		3F1F402219EC7BCA0098ED03 /* myMeProjectTests.m */ = {isa = PBXFileReference; lastKnownFileType = sourcecode.c.objc; path = myMeProjectTests.m; sourceTree = "<group>"; };
/* End PBXFileReference section */

/* Begin PBXFrameworksBuildPhase section */
		3F1F3FFD19EC7BCA0098ED03 /* Frameworks */ = {
			isa = PBXFrameworksBuildPhase;
			buildActionMask = 2147483647;
			files = (
			);
			runOnlyForDeploymentPostprocessing = 0;
		};
		3F1F401919EC7BCA0098ED03 /* Frameworks */ = {
			isa = PBXFrameworksBuildPhase;
			buildActionMask = 2147483647;
			files = (
			);
			runOnlyForDeploymentPostprocessing = 0;
		};
/* End PBXFrameworksBuildPhase section */

/* Begin PBXGroup section */
		3F1F3FF719EC7BCA0098ED03 = {
			isa = PBXGroup;
			children = (
				3F1F400219EC7BCA0098ED03 /* myMeProject */,
				3F1F401F19EC7BCA0098ED03 /* myMeProjectTests */,
				3F1F400119EC7BCA0098ED03 /* Products */,
			);
			sourceTree = "<group>";
		};
		3F1F400119EC7BCA0098ED03 /* Products */ = {
			isa = PBXGroup;
			children = (
				3F1F400019EC7BCA0098ED03 /* myMeProject.app */,
				3F1F401C19EC7BCA0098ED03 /* myMeProjectTests.xctest */,
			);
			name = Products;
			sourceTree = "<group>";
		};
		3F1F400219EC7BCA0098ED03 /* myMeProject */ = {
			isa = PBXGroup;
			children = (
				3F1F400719EC7BCA0098ED03 /* AppDelegate.h */,
				3F1F400819EC7BCA0098ED03 /* AppDelegate.m */,
				3F1F400A19EC7BCA0098ED03 /* MasterViewController.h */,
				3F1F400B19EC7BCA0098ED03 /* MasterViewController.m */,
				3F1F400D19EC7BCA0098ED03 /* DetailViewController.h */,
				3F1F400E19EC7BCA0098ED03 /* DetailViewController.m */,
				3F1F401019EC7BCA0098ED03 /* Main.storyboard */,
				3F1F401319EC7BCA0098ED03 /* Images.xcassets */,
				3F1F401519EC7BCA0098ED03 /* LaunchScreen.xib */,
				3F1F400319EC7BCA0098ED03 /* Supporting Files */,
			);
			path = myMeProject;
			sourceTree = "<group>";
		};
		3F1F400319EC7BCA0098ED03 /* Supporting Files */ = {
			isa = PBXGroup;
			children = (
				3F1F400419EC7BCA0098ED03 /* Info.plist */,
				3F1F400519EC7BCA0098ED03 /* main.m */,
			);
			name = "Supporting Files";
			sourceTree = "<group>";
		};
		3F1F401F19EC7BCA0098ED03 /* myMeProjectTests */ = {
			isa = PBXGroup;
			children = (
				3F1F402219EC7BCA0098ED03 /* myMeProjectTests.m */,
				3F1F402019EC7BCA0098ED03 /* Supporting Files */,
			);
			path = myMeProjectTests;
			sourceTree = "<group>";
		};
		3F1F402019EC7BCA0098ED03 /* Supporting Files */ = {
			isa = PBXGroup;
			children = (
				3F1F402119EC7BCA0098ED03 /* Info.plist */,
			);
			name = "Supporting Files";
			sourceTree = "<group>";
		};
/* End PBXGroup section */

/* Begin PBXNativeTarget section */
		3F1F3FFF19EC7BCA0098ED03 /* myMeProject */ = {
			isa = PBXNativeTarget;
			buildConfigurationList = 3F1F402619EC7BCA0098ED03 /* Build configuration list for PBXNativeTarget "myMeProject" */;
			buildPhases = (
				3F1F3FFC19EC7BCA0098ED03 /* Sources */,
				3F1F3FFD19EC7BCA0098ED03 /* Frameworks */,
				3F1F3FFE19EC7BCA0098ED03 /* Resources */,
			);
			buildRules = (
			);
			dependencies = (
			);
			name = myMeProject;
			productName = myMeProject;
			productReference = 3F1F400019EC7BCA0098ED03 /* myMeProject.app */;
			productType = "com.apple.product-type.application";
		};
		3F1F401B19EC7BCA0098ED03 /* myMeProjectTests */ = {
			isa = PBXNativeTarget;
			buildConfigurationList = 3F1F402919EC7BCA0098ED03 /* Build configuration list for PBXNativeTarget "myMeProjectTests" */;
			buildPhases = (
				3F1F401819EC7BCA0098ED03 /* Sources */,
				3F1F401919EC7BCA0098ED03 /* Frameworks */,
				3F1F401A19EC7BCA0098ED03 /* Resources */,
			);
			buildRules = (
			);
			dependencies = (
				3F1F401E19EC7BCA0098ED03 /* PBXTargetDependency */,
			);
			name = myMeProjectTests;
			productName = myMeProjectTests;
			productReference = 3F1F401C19EC7BCA0098ED03 /* myMeProjectTests.xctest */;
			productType = "com.apple.product-type.bundle.unit-test";
		};
/* End PBXNativeTarget section */

/* Begin PBXProject section */
		3F1F3FF819EC7BCA0098ED03 /* Project object */ = {
			isa = PBXProject;
			attributes = {
				LastUpgradeCheck = 0600;
				ORGANIZATIONNAME = 18samadik;
				TargetAttributes = {
					3F1F3FFF19EC7BCA0098ED03 = {
						CreatedOnToolsVersion = 6.0.1;
					};
					3F1F401B19EC7BCA0098ED03 = {
						CreatedOnToolsVersion = 6.0.1;
						TestTargetID = 3F1F3FFF19EC7BCA0098ED03;
					};
				};
			};
			buildConfigurationList = 3F1F3FFB19EC7BCA0098ED03 /* Build configuration list for PBXProject "myMeProject" */;
			compatibilityVersion = "Xcode 3.2";
			developmentRegion = English;
			hasScannedForEncodings = 0;
			knownRegions = (
				en,
				Base,
			);
			mainGroup = 3F1F3FF719EC7BCA0098ED03;
			productRefGroup = 3F1F400119EC7BCA0098ED03 /* Products */;
			projectDirPath = "";
			projectRoot = "";
			targets = (
				3F1F3FFF19EC7BCA0098ED03 /* myMeProject */,
				3F1F401B19EC7BCA0098ED03 /* myMeProjectTests */,
			);
		};
/* End PBXProject section */

/* Begin PBXResourcesBuildPhase section */
		3F1F3FFE19EC7BCA0098ED03 /* Resources */ = {
			isa = PBXResourcesBuildPhase;
			buildActionMask = 2147483647;
			files = (
				3F1F401219EC7BCA0098ED03 /* Main.storyboard in Resources */,
				3F1F401719EC7BCA0098ED03 /* LaunchScreen.xib in Resources */,
				3F1F401419EC7BCA0098ED03 /* Images.xcassets in Resources */,
			);
			runOnlyForDeploymentPostprocessing = 0;
		};
		3F1F401A19EC7BCA0098ED03 /* Resources */ = {
			isa = PBXResourcesBuildPhase;
			buildActionMask = 2147483647;
			files = (
			);
			runOnlyForDeploymentPostprocessing = 0;
		};
/* End PBXResourcesBuildPhase section */

/* Begin PBXSourcesBuildPhase section */
		3F1F3FFC19EC7BCA0098ED03 /* Sources */ = {
			isa = PBXSourcesBuildPhase;
			buildActionMask = 2147483647;
			files = (
				3F1F400919EC7BCA0098ED03 /* AppDelegate.m in Sources */,
				3F1F400C19EC7BCA0098ED03 /* MasterViewController.m in Sources */,
				3F1F400619EC7BCA0098ED03 /* main.m in Sources */,
				3F1F400F19EC7BCA0098ED03 /* DetailViewController.m in Sources */,
			);
			runOnlyForDeploymentPostprocessing = 0;
		};
		3F1F401819EC7BCA0098ED03 /* Sources */ = {
			isa = PBXSourcesBuildPhase;
			buildActionMask = 2147483647;
			files = (
				3F1F402319EC7BCA0098ED03 /* myMeProjectTests.m in Sources */,
			);
			runOnlyForDeploymentPostprocessing = 0;
		};
/* End PBXSourcesBuildPhase section */

/* Begin PBXTargetDependency section */
		3F1F401E19EC7BCA0098ED03 /* PBXTargetDependency */ = {
			isa = PBXTargetDependency;
			target = 3F1F3FFF19EC7BCA0098ED03 /* myMeProject */;
			targetProxy = 3F1F401D19EC7BCA0098ED03 /* PBXContainerItemProxy */;
		};
/* End PBXTargetDependency section */

/* Begin PBXVariantGroup section */
		3F1F401019EC7BCA0098ED03 /* Main.storyboard */ = {
			isa = PBXVariantGroup;
			children = (
				3F1F401119EC7BCA0098ED03 /* Base */,
			);
			name = Main.storyboard;
			sourceTree = "<group>";
		};
		3F1F401519EC7BCA0098ED03 /* LaunchScreen.xib */ = {
			isa = PBXVariantGroup;
			children = (
				3F1F401619EC7BCA0098ED03 /* Base */,
			);
			name = LaunchScreen.xib;
			sourceTree = "<group>";
		};
/* End PBXVariantGroup section */

/* Begin XCBuildConfiguration section */
		3F1F402419EC7BCA0098ED03 /* Debug */ = {
			isa = XCBuildConfiguration;
			buildSettings = {
				ALWAYS_SEARCH_USER_PATHS = NO;
				CLANG_CXX_LANGUAGE_STANDARD = "gnu++0x";
				CLANG_CXX_LIBRARY = "libc++";
				CLANG_ENABLE_MODULES = YES;
				CLANG_ENABLE_OBJC_ARC = YES;
				CLANG_WARN_BOOL_CONVERSION = YES;
				CLANG_WARN_CONSTANT_CONVERSION = YES;
				CLANG_WARN_DIRECT_OBJC_ISA_USAGE = YES_ERROR;
				CLANG_WARN_EMPTY_BODY = YES;
				CLANG_WARN_ENUM_CONVERSION = YES;
				CLANG_WARN_INT_CONVERSION = YES;
				CLANG_WARN_OBJC_ROOT_CLASS = YES_ERROR;
				CLANG_WARN_UNREACHABLE_CODE = YES;
				CLANG_WARN__DUPLICATE_METHOD_MATCH = YES;
				"CODE_SIGN_IDENTITY[sdk=iphoneos*]" = "iPhone Developer";
				COPY_PHASE_STRIP = NO;
				ENABLE_STRICT_OBJC_MSGSEND = YES;
				GCC_C_LANGUAGE_STANDARD = gnu99;
				GCC_DYNAMIC_NO_PIC = NO;
				GCC_OPTIMIZATION_LEVEL = 0;
				GCC_PREPROCESSOR_DEFINITIONS = (
					"DEBUG=1",
					"$(inherited)",
				);
				GCC_SYMBOLS_PRIVATE_EXTERN = NO;
				GCC_WARN_64_TO_32_BIT_CONVERSION = YES;
				GCC_WARN_ABOUT_RETURN_TYPE = YES_ERROR;
				GCC_WARN_UNDECLARED_SELECTOR = YES;
				GCC_WARN_UNINITIALIZED_AUTOS = YES_AGGRESSIVE;
				GCC_WARN_UNUSED_FUNCTION = YES;
				GCC_WARN_UNUSED_VARIABLE = YES;
				IPHONEOS_DEPLOYMENT_TARGET = 8.0;
				MTL_ENABLE_DEBUG_INFO = YES;
				ONLY_ACTIVE_ARCH = YES;
				SDKROOT = iphoneos;
			};
			name = Debug;
		};
		3F1F402519EC7BCA0098ED03 /* Release */ = {
			isa = XCBuildConfiguration;
			buildSettings = {
				ALWAYS_SEARCH_USER_PATHS = NO;
				CLANG_CXX_LANGUAGE_STANDARD = "gnu++0x";
				CLANG_CXX_LIBRARY = "libc++";
				CLANG_ENABLE_MODULES = YES;
				CLANG_ENABLE_OBJC_ARC = YES;
				CLANG_WARN_BOOL_CONVERSION = YES;
				CLANG_WARN_CONSTANT_CONVERSION = YES;
				CLANG_WARN_DIRECT_OBJC_ISA_USAGE = YES_ERROR;
				CLANG_WARN_EMPTY_BODY = YES;
				CLANG_WARN_ENUM_CONVERSION = YES;
				CLANG_WARN_INT_CONVERSION = YES;
				CLANG_WARN_OBJC_ROOT_CLASS = YES_ERROR;
				CLANG_WARN_UNREACHABLE_CODE = YES;
				CLANG_WARN__DUPLICATE_METHOD_MATCH = YES;
				"CODE_SIGN_IDENTITY[sdk=iphoneos*]" = "iPhone Developer";
				COPY_PHASE_STRIP = YES;
				ENABLE_NS_ASSERTIONS = NO;
				ENABLE_STRICT_OBJC_MSGSEND = YES;
				GCC_C_LANGUAGE_STANDARD = gnu99;
				GCC_WARN_64_TO_32_BIT_CONVERSION = YES;
				GCC_WARN_ABOUT_RETURN_TYPE = YES_ERROR;
				GCC_WARN_UNDECLARED_SELECTOR = YES;
				GCC_WARN_UNINITIALIZED_AUTOS = YES_AGGRESSIVE;
				GCC_WARN_UNUSED_FUNCTION = YES;
				GCC_WARN_UNUSED_VARIABLE = YES;
				IPHONEOS_DEPLOYMENT_TARGET = 8.0;
				MTL_ENABLE_DEBUG_INFO = NO;
				SDKROOT = iphoneos;
				VALIDATE_PRODUCT = YES;
			};
			name = Release;
		};
		3F1F402719EC7BCA0098ED03 /* Debug */ = {
			isa = XCBuildConfiguration;
			buildSettings = {
				ASSETCATALOG_COMPILER_APPICON_NAME = AppIcon;
				INFOPLIST_FILE = myMeProject/Info.plist;
				LD_RUNPATH_SEARCH_PATHS = "$(inherited) @executable_path/Frameworks";
				PRODUCT_NAME = "$(TARGET_NAME)";
			};
			name = Debug;
		};
		3F1F402819EC7BCA0098ED03 /* Release */ = {
			isa = XCBuildConfiguration;
			buildSettings = {
				ASSETCATALOG_COMPILER_APPICON_NAME = AppIcon;
				INFOPLIST_FILE = myMeProject/Info.plist;
				LD_RUNPATH_SEARCH_PATHS = "$(inherited) @executable_path/Frameworks";
				PRODUCT_NAME = "$(TARGET_NAME)";
			};
			name = Release;
		};
		3F1F402A19EC7BCA0098ED03 /* Debug */ = {
			isa = XCBuildConfiguration;
			buildSettings = {
				BUNDLE_LOADER = "$(TEST_HOST)";
				FRAMEWORK_SEARCH_PATHS = (
					"$(SDKROOT)/Developer/Library/Frameworks",
					"$(inherited)",
				);
				GCC_PREPROCESSOR_DEFINITIONS = (
					"DEBUG=1",
					"$(inherited)",
				);
				INFOPLIST_FILE = myMeProjectTests/Info.plist;
				LD_RUNPATH_SEARCH_PATHS = "$(inherited) @executable_path/Frameworks @loader_path/Frameworks";
				PRODUCT_NAME = "$(TARGET_NAME)";
				TEST_HOST = "$(BUILT_PRODUCTS_DIR)/myMeProject.app/myMeProject";
			};
			name = Debug;
		};
		3F1F402B19EC7BCA0098ED03 /* Release */ = {
			isa = XCBuildConfiguration;
			buildSettings = {
				BUNDLE_LOADER = "$(TEST_HOST)";
				FRAMEWORK_SEARCH_PATHS = (
					"$(SDKROOT)/Developer/Library/Frameworks",
					"$(inherited)",
				);
				INFOPLIST_FILE = myMeProjectTests/Info.plist;
				LD_RUNPATH_SEARCH_PATHS = "$(inherited) @executable_path/Frameworks @loader_path/Frameworks";
				PRODUCT_NAME = "$(TARGET_NAME)";
				TEST_HOST = "$(BUILT_PRODUCTS_DIR)/myMeProject.app/myMeProject";
			};
			name = Release;
		};
/* End XCBuildConfiguration section */

/* Begin XCConfigurationList section */
		3F1F3FFB19EC7BCA0098ED03 /* Build configuration list for PBXProject "myMeProject" */ = {
			isa = XCConfigurationList;
			buildConfigurations = (
				3F1F402419EC7BCA0098ED03 /* Debug */,
				3F1F402519EC7BCA0098ED03 /* Release */,
			);
			defaultConfigurationIsVisible = 0;
			defaultConfigurationName = Release;
		};
		3F1F402619EC7BCA0098ED03 /* Build configuration list for PBXNativeTarget "myMeProject" */ = {
			isa = XCConfigurationList;
			buildConfigurations = (
				3F1F402719EC7BCA0098ED03 /* Debug */,
				3F1F402819EC7BCA0098ED03 /* Release */,
			);
			defaultConfigurationIsVisible = 0;
		};
		3F1F402919EC7BCA0098ED03 /* Build configuration list for PBXNativeTarget "myMeProjectTests" */ = {
			isa = XCConfigurationList;
			buildConfigurations = (
				3F1F402A19EC7BCA0098ED03 /* Debug */,
				3F1F402B19EC7BCA0098ED03 /* Release */,
			);
			defaultConfigurationIsVisible = 0;
		};
/* End XCConfigurationList section */
	};
	rootObject = 3F1F3FF819EC7BCA0098ED03 /* Project object */;
}
